// !$*UTF8*$!
{
	archiveVersion = 1;
	classes = {
	};
	objectVersion = 56;
	objects = {

/* Begin PBXBuildFile section */
		38270D462AFD42E300789647 /* Lecture_5.cpp in Sources */ = {isa = PBXBuildFile; fileRef = 38270D442AFD42E300789647 /* Lecture_5.cpp */; };
		38335D9E2AF5582100270C56 /* Lecture_4_Patterns.cpp in Sources */ = {isa = PBXBuildFile; fileRef = 38335D9D2AF5582100270C56 /* Lecture_4_Patterns.cpp */; };
		3837FB662B02029B0094453B /* FibonacciSeries.cpp in Sources */ = {isa = PBXBuildFile; fileRef = 3837FB652B02029B0094453B /* FibonacciSeries.cpp */; };
		3837FB6A2B020C020094453B /* PrimeNumber.cpp in Sources */ = {isa = PBXBuildFile; fileRef = 3837FB682B020C020094453B /* PrimeNumber.cpp */; };
		388716F22B1B3CD400FF5C0C /* DecimalToBinary.cpp in Sources */ = {isa = PBXBuildFile; fileRef = 388716F02B1B3CD400FF5C0C /* DecimalToBinary.cpp */; };
		388716F52B1B3CF500FF5C0C /* main.cpp in Sources */ = {isa = PBXBuildFile; fileRef = 388716F32B1B3CF500FF5C0C /* main.cpp */; };
		388716F72B1B4DBD00FF5C0C /* BinaryToDecimal.cpp in Sources */ = {isa = PBXBuildFile; fileRef = 388716F62B1B4DBD00FF5C0C /* BinaryToDecimal.cpp */; };
/* End PBXBuildFile section */

/* Begin PBXCopyFilesBuildPhase section */
		38335D982AF5582100270C56 /* CopyFiles */ = {
			isa = PBXCopyFilesBuildPhase;
			buildActionMask = 2147483647;
			dstPath = /usr/share/man/man1/;
			dstSubfolderSpec = 0;
			files = (
			);
			runOnlyForDeploymentPostprocessing = 1;
		};
/* End PBXCopyFilesBuildPhase section */

/* Begin PBXFileReference section */
		38270D442AFD42E300789647 /* Lecture_5.cpp */ = {isa = PBXFileReference; lastKnownFileType = sourcecode.cpp.cpp; path = Lecture_5.cpp; sourceTree = "<group>"; };
		38335D9A2AF5582100270C56 /* CodeHelpDSA */ = {isa = PBXFileReference; explicitFileType = "compiled.mach-o.executable"; includeInIndex = 0; path = CodeHelpDSA; sourceTree = BUILT_PRODUCTS_DIR; };
		38335D9D2AF5582100270C56 /* Lecture_4_Patterns.cpp */ = {isa = PBXFileReference; lastKnownFileType = sourcecode.cpp.cpp; path = Lecture_4_Patterns.cpp; sourceTree = "<group>"; };
		3837FB652B02029B0094453B /* FibonacciSeries.cpp */ = {isa = PBXFileReference; lastKnownFileType = sourcecode.cpp.cpp; path = FibonacciSeries.cpp; sourceTree = "<group>"; };
		3837FB682B020C020094453B /* PrimeNumber.cpp */ = {isa = PBXFileReference; lastKnownFileType = sourcecode.cpp.cpp; path = PrimeNumber.cpp; sourceTree = "<group>"; };
		3837FB692B020C020094453B /* PrimeNumber.hpp */ = {isa = PBXFileReference; lastKnownFileType = sourcecode.cpp.h; path = PrimeNumber.hpp; sourceTree = "<group>"; };
		388716F02B1B3CD400FF5C0C /* DecimalToBinary.cpp */ = {isa = PBXFileReference; lastKnownFileType = sourcecode.cpp.cpp; path = DecimalToBinary.cpp; sourceTree = "<group>"; };
		388716F12B1B3CD400FF5C0C /* DecimalToBinary.hpp */ = {isa = PBXFileReference; lastKnownFileType = sourcecode.cpp.h; path = DecimalToBinary.hpp; sourceTree = "<group>"; };
		388716F32B1B3CF500FF5C0C /* main.cpp */ = {isa = PBXFileReference; lastKnownFileType = sourcecode.cpp.cpp; path = main.cpp; sourceTree = "<group>"; };
		388716F42B1B3CF500FF5C0C /* main.hpp */ = {isa = PBXFileReference; lastKnownFileType = sourcecode.cpp.h; path = main.hpp; sourceTree = "<group>"; };
		388716F62B1B4DBD00FF5C0C /* BinaryToDecimal.cpp */ = {isa = PBXFileReference; lastKnownFileType = sourcecode.cpp.cpp; path = BinaryToDecimal.cpp; sourceTree = "<group>"; };
/* End PBXFileReference section */

/* Begin PBXFrameworksBuildPhase section */
		38335D972AF5582100270C56 /* Frameworks */ = {
			isa = PBXFrameworksBuildPhase;
			buildActionMask = 2147483647;
			files = (
			);
			runOnlyForDeploymentPostprocessing = 0;
		};
/* End PBXFrameworksBuildPhase section */

/* Begin PBXGroup section */
		38335D912AF5582100270C56 = {
			isa = PBXGroup;
			children = (
				38335D9C2AF5582100270C56 /* CodeHelpDSA */,
				38335D9B2AF5582100270C56 /* Products */,
			);
			sourceTree = "<group>";
		};
		38335D9B2AF5582100270C56 /* Products */ = {
			isa = PBXGroup;
			children = (
				38335D9A2AF5582100270C56 /* CodeHelpDSA */,
			);
			name = Products;
			sourceTree = "<group>";
		};
		38335D9C2AF5582100270C56 /* CodeHelpDSA */ = {
			isa = PBXGroup;
			children = (
				388716F32B1B3CF500FF5C0C /* main.cpp */,
				38335D9D2AF5582100270C56 /* Lecture_4_Patterns.cpp */,
				38270D442AFD42E300789647 /* Lecture_5.cpp */,
				3837FB672B020BD40094453B /* Questions */,
				388716F42B1B3CF500FF5C0C /* main.hpp */,
			);
			path = CodeHelpDSA;
			sourceTree = "<group>";
		};
		3837FB672B020BD40094453B /* Questions */ = {
			isa = PBXGroup;
			children = (
				3837FB652B02029B0094453B /* FibonacciSeries.cpp */,
				3837FB682B020C020094453B /* PrimeNumber.cpp */,
				3837FB692B020C020094453B /* PrimeNumber.hpp */,
				388716F02B1B3CD400FF5C0C /* DecimalToBinary.cpp */,
				388716F12B1B3CD400FF5C0C /* DecimalToBinary.hpp */,
				388716F62B1B4DBD00FF5C0C /* BinaryToDecimal.cpp */,
			);
			path = Questions;
			sourceTree = "<group>";
		};
/* End PBXGroup section */

/* Begin PBXNativeTarget section */
		38335D992AF5582100270C56 /* CodeHelpDSA */ = {
			isa = PBXNativeTarget;
			buildConfigurationList = 38335DA12AF5582100270C56 /* Build configuration list for PBXNativeTarget "CodeHelpDSA" */;
			buildPhases = (
				38335D962AF5582100270C56 /* Sources */,
				38335D972AF5582100270C56 /* Frameworks */,
				38335D982AF5582100270C56 /* CopyFiles */,
			);
			buildRules = (
			);
			dependencies = (
			);
			name = CodeHelpDSA;
			productName = CodeHelpDSA;
			productReference = 38335D9A2AF5582100270C56 /* CodeHelpDSA */;
			productType = "com.apple.product-type.tool";
		};
/* End PBXNativeTarget section */

/* Begin PBXProject section */
		38335D922AF5582100270C56 /* Project object */ = {
			isa = PBXProject;
			attributes = {
				BuildIndependentTargetsInParallel = 1;
				LastUpgradeCheck = 1420;
				TargetAttributes = {
					38335D992AF5582100270C56 = {
						CreatedOnToolsVersion = 14.2;
					};
				};
			};
			buildConfigurationList = 38335D952AF5582100270C56 /* Build configuration list for PBXProject "CodeHelpDSA" */;
			compatibilityVersion = "Xcode 14.0";
			developmentRegion = en;
			hasScannedForEncodings = 0;
			knownRegions = (
				en,
				Base,
			);
			mainGroup = 38335D912AF5582100270C56;
			productRefGroup = 38335D9B2AF5582100270C56 /* Products */;
			projectDirPath = "";
			projectRoot = "";
			targets = (
				38335D992AF5582100270C56 /* CodeHelpDSA */,
			);
		};
/* End PBXProject section */

/* Begin PBXSourcesBuildPhase section */
		38335D962AF5582100270C56 /* Sources */ = {
			isa = PBXSourcesBuildPhase;
			buildActionMask = 2147483647;
			files = (
				38270D462AFD42E300789647 /* Lecture_5.cpp in Sources */,
				3837FB662B02029B0094453B /* FibonacciSeries.cpp in Sources */,
				388716F52B1B3CF500FF5C0C /* main.cpp in Sources */,
				388716F72B1B4DBD00FF5C0C /* BinaryToDecimal.cpp in Sources */,
				3837FB6A2B020C020094453B /* PrimeNumber.cpp in Sources */,
				38335D9E2AF5582100270C56 /* Lecture_4_Patterns.cpp in Sources */,
				388716F22B1B3CD400FF5C0C /* DecimalToBinary.cpp in Sources */,
			);
			runOnlyForDeploymentPostprocessing = 0;
		};
/* End PBXSourcesBuildPhase section */

/* Begin XCBuildConfiguration section */
		38335D9F2AF5582100270C56 /* Debug */ = {
			isa = XCBuildConfiguration;
			buildSettings = {
				ALWAYS_SEARCH_USER_PATHS = NO;
				CLANG_ANALYZER_NONNULL = YES;
				CLANG_ANALYZER_NUMBER_OBJECT_CONVERSION = YES_AGGRESSIVE;
				CLANG_CXX_LANGUAGE_STANDARD = "gnu++20";
				CLANG_ENABLE_MODULES = YES;
				CLANG_ENABLE_OBJC_ARC = YES;
				CLANG_ENABLE_OBJC_WEAK = YES;
				CLANG_WARN_BLOCK_CAPTURE_AUTORELEASING = YES;
				CLANG_WARN_BOOL_CONVERSION = YES;
				CLANG_WARN_COMMA = YES;
				CLANG_WARN_CONSTANT_CONVERSION = YES;
				CLANG_WARN_DEPRECATED_OBJC_IMPLEMENTATIONS = YES;
				CLANG_WARN_DIRECT_OBJC_ISA_USAGE = YES_ERROR;
				CLANG_WARN_DOCUMENTATION_COMMENTS = YES;
				CLANG_WARN_EMPTY_BODY = YES;
				CLANG_WARN_ENUM_CONVERSION = YES;
				CLANG_WARN_INFINITE_RECURSION = YES;
				CLANG_WARN_INT_CONVERSION = YES;
				CLANG_WARN_NON_LITERAL_NULL_CONVERSION = YES;
				CLANG_WARN_OBJC_IMPLICIT_RETAIN_SELF = YES;
				CLANG_WARN_OBJC_LITERAL_CONVERSION = YES;
				CLANG_WARN_OBJC_ROOT_CLASS = YES_ERROR;
				CLANG_WARN_QUOTED_INCLUDE_IN_FRAMEWORK_HEADER = YES;
				CLANG_WARN_RANGE_LOOP_ANALYSIS = YES;
				CLANG_WARN_STRICT_PROTOTYPES = YES;
				CLANG_WARN_SUSPICIOUS_MOVE = YES;
				CLANG_WARN_UNGUARDED_AVAILABILITY = YES_AGGRESSIVE;
				CLANG_WARN_UNREACHABLE_CODE = YES;
				CLANG_WARN__DUPLICATE_METHOD_MATCH = YES;
				COPY_PHASE_STRIP = NO;
				DEBUG_INFORMATION_FORMAT = dwarf;
				ENABLE_STRICT_OBJC_MSGSEND = YES;
				ENABLE_TESTABILITY = YES;
				GCC_C_LANGUAGE_STANDARD = gnu11;
				GCC_DYNAMIC_NO_PIC = NO;
				GCC_NO_COMMON_BLOCKS = YES;
				GCC_OPTIMIZATION_LEVEL = 0;
				GCC_PREPROCESSOR_DEFINITIONS = (
					"DEBUG=1",
					"$(inherited)",
				);
				GCC_WARN_64_TO_32_BIT_CONVERSION = YES;
				GCC_WARN_ABOUT_RETURN_TYPE = YES_ERROR;
				GCC_WARN_UNDECLARED_SELECTOR = YES;
				GCC_WARN_UNINITIALIZED_AUTOS = YES_AGGRESSIVE;
				GCC_WARN_UNUSED_FUNCTION = YES;
				GCC_WARN_UNUSED_VARIABLE = YES;
				MACOSX_DEPLOYMENT_TARGET = 12.6;
				MTL_ENABLE_DEBUG_INFO = INCLUDE_SOURCE;
				MTL_FAST_MATH = YES;
				ONLY_ACTIVE_ARCH = YES;
				SDKROOT = macosx;
			};
			name = Debug;
		};
		38335DA02AF5582100270C56 /* Release */ = {
			isa = XCBuildConfiguration;
			buildSettings = {
				ALWAYS_SEARCH_USER_PATHS = NO;
				CLANG_ANALYZER_NONNULL = YES;
				CLANG_ANALYZER_NUMBER_OBJECT_CONVERSION = YES_AGGRESSIVE;
				CLANG_CXX_LANGUAGE_STANDARD = "gnu++20";
				CLANG_ENABLE_MODULES = YES;
				CLANG_ENABLE_OBJC_ARC = YES;
				CLANG_ENABLE_OBJC_WEAK = YES;
				CLANG_WARN_BLOCK_CAPTURE_AUTORELEASING = YES;
				CLANG_WARN_BOOL_CONVERSION = YES;
				CLANG_WARN_COMMA = YES;
				CLANG_WARN_CONSTANT_CONVERSION = YES;
				CLANG_WARN_DEPRECATED_OBJC_IMPLEMENTATIONS = YES;
				CLANG_WARN_DIRECT_OBJC_ISA_USAGE = YES_ERROR;
				CLANG_WARN_DOCUMENTATION_COMMENTS = YES;
				CLANG_WARN_EMPTY_BODY = YES;
				CLANG_WARN_ENUM_CONVERSION = YES;
				CLANG_WARN_INFINITE_RECURSION = YES;
				CLANG_WARN_INT_CONVERSION = YES;
				CLANG_WARN_NON_LITERAL_NULL_CONVERSION = YES;
				CLANG_WARN_OBJC_IMPLICIT_RETAIN_SELF = YES;
				CLANG_WARN_OBJC_LITERAL_CONVERSION = YES;
				CLANG_WARN_OBJC_ROOT_CLASS = YES_ERROR;
				CLANG_WARN_QUOTED_INCLUDE_IN_FRAMEWORK_HEADER = YES;
				CLANG_WARN_RANGE_LOOP_ANALYSIS = YES;
				CLANG_WARN_STRICT_PROTOTYPES = YES;
				CLANG_WARN_SUSPICIOUS_MOVE = YES;
				CLANG_WARN_UNGUARDED_AVAILABILITY = YES_AGGRESSIVE;
				CLANG_WARN_UNREACHABLE_CODE = YES;
				CLANG_WARN__DUPLICATE_METHOD_MATCH = YES;
				COPY_PHASE_STRIP = NO;
				DEBUG_INFORMATION_FORMAT = "dwarf-with-dsym";
				ENABLE_NS_ASSERTIONS = NO;
				ENABLE_STRICT_OBJC_MSGSEND = YES;
				GCC_C_LANGUAGE_STANDARD = gnu11;
				GCC_NO_COMMON_BLOCKS = YES;
				GCC_WARN_64_TO_32_BIT_CONVERSION = YES;
				GCC_WARN_ABOUT_RETURN_TYPE = YES_ERROR;
				GCC_WARN_UNDECLARED_SELECTOR = YES;
				GCC_WARN_UNINITIALIZED_AUTOS = YES_AGGRESSIVE;
				GCC_WARN_UNUSED_FUNCTION = YES;
				GCC_WARN_UNUSED_VARIABLE = YES;
				MACOSX_DEPLOYMENT_TARGET = 12.6;
				MTL_ENABLE_DEBUG_INFO = NO;
				MTL_FAST_MATH = YES;
				SDKROOT = macosx;
			};
			name = Release;
		};
		38335DA22AF5582100270C56 /* Debug */ = {
			isa = XCBuildConfiguration;
			buildSettings = {
				CODE_SIGN_STYLE = Automatic;
				DEVELOPMENT_TEAM = 3C94VCLA9D;
				ENABLE_HARDENED_RUNTIME = YES;
				PRODUCT_NAME = "$(TARGET_NAME)";
			};
			name = Debug;
		};
		38335DA32AF5582100270C56 /* Release */ = {
			isa = XCBuildConfiguration;
			buildSettings = {
				CODE_SIGN_STYLE = Automatic;
				DEVELOPMENT_TEAM = 3C94VCLA9D;
				ENABLE_HARDENED_RUNTIME = YES;
				PRODUCT_NAME = "$(TARGET_NAME)";
			};
			name = Release;
		};
/* End XCBuildConfiguration section */

/* Begin XCConfigurationList section */
		38335D952AF5582100270C56 /* Build configuration list for PBXProject "CodeHelpDSA" */ = {
			isa = XCConfigurationList;
			buildConfigurations = (
				38335D9F2AF5582100270C56 /* Debug */,
				38335DA02AF5582100270C56 /* Release */,
			);
			defaultConfigurationIsVisible = 0;
			defaultConfigurationName = Release;
		};
		38335DA12AF5582100270C56 /* Build configuration list for PBXNativeTarget "CodeHelpDSA" */ = {
			isa = XCConfigurationList;
			buildConfigurations = (
				38335DA22AF5582100270C56 /* Debug */,
				38335DA32AF5582100270C56 /* Release */,
			);
			defaultConfigurationIsVisible = 0;
			defaultConfigurationName = Release;
		};
/* End XCConfigurationList section */
	};
	rootObject = 38335D922AF5582100270C56 /* Project object */;
}
